
Microsoft Visual Studio Solution File, Format Version 12.00
# Visual Studio 14
VisualStudioVersion = 14.0.25420.1
MinimumVisualStudioVersion = 10.0.40219.1
Project("{FAE04EC0-301F-11D3-BF4B-00C04F79EFBC}") = "Tdd.Homework", "Tdd.Homework\Tdd.Homework.csproj", "{3A1A0BF0-15FB-4CDA-A570-CF7333889D28}"
EndProject
Project("{FAE04EC0-301F-11D3-BF4B-00C04F79EFBC}") = "Tdd.HomeworkTests", "Tdd.HomeworkTests\Tdd.HomeworkTests.csproj", "{3A31BAF6-2036-4572-A7F3-E0967FB06F38}"
EndProject
Global
	GlobalSection(SolutionConfigurationPlatforms) = preSolution
		Debug|Any CPU = Debug|Any CPU
		Release|Any CPU = Release|Any CPU
	EndGlobalSection
	GlobalSection(ProjectConfigurationPlatforms) = postSolution
		{3A1A0BF0-15FB-4CDA-A570-CF7333889D28}.Debug|Any CPU.ActiveCfg = Debug|Any CPU
		{3A1A0BF0-15FB-4CDA-A570-CF7333889D28}.Debug|Any CPU.Build.0 = Debug|Any CPU
		{3A1A0BF0-15FB-4CDA-A570-CF7333889D28}.Release|Any CPU.ActiveCfg = Release|Any CPU
		{3A1A0BF0-15FB-4CDA-A570-CF7333889D28}.Release|Any CPU.Build.0 = Release|Any CPU
		{3A31BAF6-2036-4572-A7F3-E0967FB06F38}.Debug|Any CPU.ActiveCfg = Debug|Any CPU
		{3A31BAF6-2036-4572-A7F3-E0967FB06F38}.Debug|Any CPU.Build.0 = Debug|Any CPU
		{3A31BAF6-2036-4572-A7F3-E0967FB06F38}.Release|Any CPU.ActiveCfg = Release|Any CPU
		{3A31BAF6-2036-4572-A7F3-E0967FB06F38}.Release|Any CPU.Build.0 = Release|Any CPU
	EndGlobalSection
	GlobalSection(SolutionProperties) = preSolution
		HideSolutionNode = FALSE
	EndGlobalSection
EndGlobal
